
Microsoft Visual Studio Solution File, Format Version 12.00
# Visual Studio Version 16
VisualStudioVersion = 16.0.31129.286
MinimumVisualStudioVersion = 10.0.40219.1
Project("{9A19103F-16F7-4668-BE54-9A1E7A4F7556}") = "SimpleForTest", "SimpleForTest\SimpleForTest.csproj", "{2095E729-7EC4-4E19-BB82-940604CE5CD6}"
EndProject
Project("{9A19103F-16F7-4668-BE54-9A1E7A4F7556}") = "PickRandomCards", "PickRandomCards\PickRandomCards.csproj", "{5A01F22E-670F-4926-A785-BAC5E0B0950E}"
EndProject
Project("{FAE04EC0-301F-11D3-BF4B-00C04F79EFBC}") = "PickACardUI", "PickACardUI\PickACardUI.csproj", "{3CA8748D-A229-4088-AD93-36A1C912AAB6}"
	ProjectSection(ProjectDependencies) = postProject
		{5A01F22E-670F-4926-A785-BAC5E0B0950E} = {5A01F22E-670F-4926-A785-BAC5E0B0950E}
	EndProjectSection
EndProject
Project("{FAE04EC0-301F-11D3-BF4B-00C04F79EFBC}") = "AbilityScoreTester", "AbilityScoreTester\AbilityScoreTester.csproj", "{3BDF3C34-E572-4597-880E-57C0774F259E}"
EndProject
Project("{FAE04EC0-301F-11D3-BF4B-00C04F79EFBC}") = "SwordDamage_ConsoleApp", "SwordDamage_ConsoleApp\SwordDamage_ConsoleApp.csproj", "{FDB0E130-C796-4EE0-AC4D-218FB1061F99}"
EndProject
Project("{FAE04EC0-301F-11D3-BF4B-00C04F79EFBC}") = "SwordDamageWpf", "SwordDamageWpf\SwordDamageWpf.csproj", "{95EB3C98-F3AE-41B8-97FF-7E2FBA1E3492}"
EndProject
Project("{2150E333-8FDC-42A3-9474-1A3956D46DE8}") = "Chapter5", "Chapter5", "{CB08C5B1-97E3-4A62-8C5D-F7934E95DCEB}"
EndProject
Project("{2150E333-8FDC-42A3-9474-1A3956D46DE8}") = "Chapter4", "Chapter4", "{7AE55814-D25E-4D8B-A477-16AB5CFC64B4}"
EndProject
Project("{2150E333-8FDC-42A3-9474-1A3956D46DE8}") = "Chapter3", "Chapter3", "{94D7F8BD-632A-4C11-8922-30A88DCC6860}"
EndProject
Project("{FAE04EC0-301F-11D3-BF4B-00C04F79EFBC}") = "Hi-Lo", "Hi-Lo\Hi-Lo.csproj", "{72B4AA5E-B062-4E8D-BC6B-E406712A91CF}"
EndProject
Project("{FAE04EC0-301F-11D3-BF4B-00C04F79EFBC}") = "PaintballGun", "PaintballGun\PaintballGun.csproj", "{7F3F5778-EF56-41C4-B9F7-522C7A68936D}"
EndProject
Global
	GlobalSection(SolutionConfigurationPlatforms) = preSolution
		Debug|Any CPU = Debug|Any CPU
		Release|Any CPU = Release|Any CPU
	EndGlobalSection
	GlobalSection(ProjectConfigurationPlatforms) = postSolution
		{2095E729-7EC4-4E19-BB82-940604CE5CD6}.Debug|Any CPU.ActiveCfg = Debug|Any CPU
		{2095E729-7EC4-4E19-BB82-940604CE5CD6}.Debug|Any CPU.Build.0 = Debug|Any CPU
		{2095E729-7EC4-4E19-BB82-940604CE5CD6}.Release|Any CPU.ActiveCfg = Release|Any CPU
		{2095E729-7EC4-4E19-BB82-940604CE5CD6}.Release|Any CPU.Build.0 = Release|Any CPU
		{5A01F22E-670F-4926-A785-BAC5E0B0950E}.Debug|Any CPU.ActiveCfg = Debug|Any CPU
		{5A01F22E-670F-4926-A785-BAC5E0B0950E}.Debug|Any CPU.Build.0 = Debug|Any CPU
		{5A01F22E-670F-4926-A785-BAC5E0B0950E}.Release|Any CPU.ActiveCfg = Release|Any CPU
		{5A01F22E-670F-4926-A785-BAC5E0B0950E}.Release|Any CPU.Build.0 = Release|Any CPU
		{3CA8748D-A229-4088-AD93-36A1C912AAB6}.Debug|Any CPU.ActiveCfg = Debug|Any CPU
		{3CA8748D-A229-4088-AD93-36A1C912AAB6}.Debug|Any CPU.Build.0 = Debug|Any CPU
		{3CA8748D-A229-4088-AD93-36A1C912AAB6}.Release|Any CPU.ActiveCfg = Release|Any CPU
		{3CA8748D-A229-4088-AD93-36A1C912AAB6}.Release|Any CPU.Build.0 = Release|Any CPU
		{3BDF3C34-E572-4597-880E-57C0774F259E}.Debug|Any CPU.ActiveCfg = Debug|Any CPU
		{3BDF3C34-E572-4597-880E-57C0774F259E}.Debug|Any CPU.Build.0 = Debug|Any CPU
		{3BDF3C34-E572-4597-880E-57C0774F259E}.Release|Any CPU.ActiveCfg = Release|Any CPU
		{3BDF3C34-E572-4597-880E-57C0774F259E}.Release|Any CPU.Build.0 = Release|Any CPU
		{FDB0E130-C796-4EE0-AC4D-218FB1061F99}.Debug|Any CPU.ActiveCfg = Debug|Any CPU
		{FDB0E130-C796-4EE0-AC4D-218FB1061F99}.Debug|Any CPU.Build.0 = Debug|Any CPU
		{FDB0E130-C796-4EE0-AC4D-218FB1061F99}.Release|Any CPU.ActiveCfg = Release|Any CPU
		{FDB0E130-C796-4EE0-AC4D-218FB1061F99}.Release|Any CPU.Build.0 = Release|Any CPU
		{95EB3C98-F3AE-41B8-97FF-7E2FBA1E3492}.Debug|Any CPU.ActiveCfg = Debug|Any CPU
		{95EB3C98-F3AE-41B8-97FF-7E2FBA1E3492}.Debug|Any CPU.Build.0 = Debug|Any CPU
		{95EB3C98-F3AE-41B8-97FF-7E2FBA1E3492}.Release|Any CPU.ActiveCfg = Release|Any CPU
		{95EB3C98-F3AE-41B8-97FF-7E2FBA1E3492}.Release|Any CPU.Build.0 = Release|Any CPU
		{72B4AA5E-B062-4E8D-BC6B-E406712A91CF}.Debug|Any CPU.ActiveCfg = Debug|Any CPU
		{72B4AA5E-B062-4E8D-BC6B-E406712A91CF}.Debug|Any CPU.Build.0 = Debug|Any CPU
		{72B4AA5E-B062-4E8D-BC6B-E406712A91CF}.Release|Any CPU.ActiveCfg = Release|Any CPU
		{72B4AA5E-B062-4E8D-BC6B-E406712A91CF}.Release|Any CPU.Build.0 = Release|Any CPU
		{7F3F5778-EF56-41C4-B9F7-522C7A68936D}.Debug|Any CPU.ActiveCfg = Debug|Any CPU
		{7F3F5778-EF56-41C4-B9F7-522C7A68936D}.Debug|Any CPU.Build.0 = Debug|Any CPU
		{7F3F5778-EF56-41C4-B9F7-522C7A68936D}.Release|Any CPU.ActiveCfg = Release|Any CPU
		{7F3F5778-EF56-41C4-B9F7-522C7A68936D}.Release|Any CPU.Build.0 = Release|Any CPU
	EndGlobalSection
	GlobalSection(SolutionProperties) = preSolution
		HideSolutionNode = FALSE
	EndGlobalSection
	GlobalSection(ExtensibilityGlobals) = postSolution
		SolutionGuid = {FD109857-116E-4E81-A59E-87BBE4590817}
	EndGlobalSection
	GlobalSection(NestedProjects) = preSolution
		{95EB3C98-F3AE-41B8-97FF-7E2FBA1E3492} = {CB08C5B1-97E3-4A62-8C5D-F7934E95DCEB}
		{FDB0E130-C796-4EE0-AC4D-218FB1061F99} = {CB08C5B1-97E3-4A62-8C5D-F7934E95DCEB}
		{3BDF3C34-E572-4597-880E-57C0774F259E} = {7AE55814-D25E-4D8B-A477-16AB5CFC64B4}
		{3CA8748D-A229-4088-AD93-36A1C912AAB6} = {94D7F8BD-632A-4C11-8922-30A88DCC6860}
		{5A01F22E-670F-4926-A785-BAC5E0B0950E} = {94D7F8BD-632A-4C11-8922-30A88DCC6860}
		{72B4AA5E-B062-4E8D-BC6B-E406712A91CF} = {CB08C5B1-97E3-4A62-8C5D-F7934E95DCEB}
		{7F3F5778-EF56-41C4-B9F7-522C7A68936D} = {CB08C5B1-97E3-4A62-8C5D-F7934E95DCEB}
	EndGlobalSection
EndGlobal
